<?xml version="1.0" encoding="utf-8"?>
<Project ToolsVersion="4.0" xmlns="http://schemas.microsoft.com/developer/msbuild/2003">
  <ItemGroup>
    <Filter Include="Source Files">
      <UniqueIdentifier>{bf18a1c2-5b7f-4c41-92fb-b2862375a9a1}</UniqueIdentifier>
      <Extensions>cpp;c;cxx;rc;def;r;odl;idl;hpj;bat</Extensions>
    </Filter>
    <Filter Include="Source Files\UI">
      <UniqueIdentifier>{963f0510-0055-47d0-8bb8-1274bb4275f4}</UniqueIdentifier>
    </Filter>
    <Filter Include="Source Files\ScriptObjects">
      <UniqueIdentifier>{bd0e4449-6a72-47a6-8631-220501aaef43}</UniqueIdentifier>
    </Filter>
    <Filter Include="Source Files\GameServer">
      <UniqueIdentifier>{847b429d-70dc-43a9-824a-74c81e47cd8b}</UniqueIdentifier>
    </Filter>
    <Filter Include="Source Files\GameSystem">
      <UniqueIdentifier>{c76de7d1-cc5e-4deb-be64-1d47c5568057}</UniqueIdentifier>
    </Filter>
    <Filter Include="Source Files\Weapons">
      <UniqueIdentifier>{22935b2b-baaf-45b1-8ba7-89bc368a4417}</UniqueIdentifier>
    </Filter>
    <Filter Include="Source Files\GameClient">
      <UniqueIdentifier>{5ee1dcde-47ea-4f92-834d-8578c9590211}</UniqueIdentifier>
    </Filter>
    <Filter Include="Source Files\Flock">
      <UniqueIdentifier>{d1e5ae62-2f08-4497-be51-4f89a3f6889b}</UniqueIdentifier>
    </Filter>
    <Filter Include="Source Files\Vehicle">
      <UniqueIdentifier>{6783b7b1-b2e6-4a5a-8bd9-4bc3f4cb2fa7}</UniqueIdentifier>
    </Filter>
    <Filter Include="Source Files\TimeDemoRecorder">
      <UniqueIdentifier>{6750a8e9-fcf9-4aae-8db5-e9771e1ee540}</UniqueIdentifier>
    </Filter>
    <Filter Include="Source Files\Player">
      <UniqueIdentifier>{adf6595d-bf62-4921-a584-1cb5cb8a337a}</UniqueIdentifier>
    </Filter>
    <Filter Include="Source Files\AI">
      <UniqueIdentifier>{9e37e5ad-6413-4642-a7ff-40f28f1f4aa2}</UniqueIdentifier>
    </Filter>
    <Filter Include="Source Files\Network">
      <UniqueIdentifier>{37dcf47e-7867-4f5b-b241-fb4ffa16cf87}</UniqueIdentifier>
    </Filter>
    <Filter Include="Source Files\GameFiles">
      <UniqueIdentifier>{da851d3a-0022-46b6-8b21-bbe5c8ab23c8}</UniqueIdentifier>
    </Filter>
    <Filter Include="Source Files\Materials">
      <UniqueIdentifier>{236b8159-490a-46e1-b1bf-bd830f923943}</UniqueIdentifier>
    </Filter>
    <Filter Include="Source Files\Localization">
      <UniqueIdentifier>{04b3afad-18f2-490f-825f-427d787ac75d}</UniqueIdentifier>
    </Filter>
    <Filter Include="Source Files\GameSerialization">
      <UniqueIdentifier>{dbead215-4451-410e-bf5a-4af510b8a06b}</UniqueIdentifier>
    </Filter>
    <Filter Include="Source Files\Scoreboard">
      <UniqueIdentifier>{258155dd-195a-423a-86f0-328951f66ae1}</UniqueIdentifier>
    </Filter>
    <Filter Include="Header Files">
      <UniqueIdentifier>{7c8c7bf2-7235-4aea-a9ed-dc588b3a51ef}</UniqueIdentifier>
      <Extensions>h;hpp;hxx;hm;inl</Extensions>
    </Filter>
    <Filter Include="Header Files\Weapons">
      <UniqueIdentifier>{09f88da0-9d8b-4702-8ebe-677dbc9d62d7}</UniqueIdentifier>
    </Filter>
    <Filter Include="Header Files\ScriptObjects">
      <UniqueIdentifier>{a21ca862-2481-4353-97cc-ac34c4da6b18}</UniqueIdentifier>
    </Filter>
    <Filter Include="Resource Files">
      <UniqueIdentifier>{67980c64-36fb-4b83-b2d4-70811b05256c}</UniqueIdentifier>
      <Extensions>ico;cur;bmp;dlg;rc2;rct;bin;rgs;gif;jpg;jpeg;jpe</Extensions>
    </Filter>
  </ItemGroup>
  <ItemGroup>
    <ClCompile Include="CryGame.cpp">
      <Filter>Source Files</Filter>
    </ClCompile>
    <ClCompile Include="StdAfx.cpp">
      <Filter>Source Files</Filter>
    </ClCompile>
    <ClCompile Include="IngameDialog.cpp">
      <Filter>Source Files\UI</Filter>
    </ClCompile>
    <ClCompile Include="ScriptObjectUI.cpp">
      <Filter>Source Files\UI</Filter>
    </ClCompile>
    <ClCompile Include="UIButton.cpp">
      <Filter>Source Files\UI</Filter>
    </ClCompile>
    <ClCompile Include="UICheckBox.cpp">
      <Filter>Source Files\UI</Filter>
    </ClCompile>
    <ClCompile Include="UIComboBox.cpp">
      <Filter>Source Files\UI</Filter>
    </ClCompile>
    <ClCompile Include="UICVars.cpp">
      <Filter>Source Files\UI</Filter>
    </ClCompile>
    <ClCompile Include="UIDivX_Video.cpp">
      <Filter>Source Files\UI</Filter>
    </ClCompile>
    <ClCompile Include="UIEditBox.cpp">
      <Filter>Source Files\UI</Filter>
    </ClCompile>
    <ClCompile Include="UIHud.cpp">
      <Filter>Source Files\UI</Filter>
    </ClCompile>
    <ClCompile Include="UIListView.cpp">
      <Filter>Source Files\UI</Filter>
    </ClCompile>
    <ClCompile Include="UIScreen.cpp">
      <Filter>Source Files\UI</Filter>
    </ClCompile>
    <ClCompile Include="UIScrollBar.cpp">
      <Filter>Source Files\UI</Filter>
    </ClCompile>
    <ClCompile Include="UIStatic.cpp">
      <Filter>Source Files\UI</Filter>
    </ClCompile>
    <ClCompile Include="UISystem.cpp">
      <Filter>Source Files\UI</Filter>
    </ClCompile>
    <ClCompile Include="UIVideoPanel.cpp">
      <Filter>Source Files\UI</Filter>
    </ClCompile>
    <ClCompile Include="UIWidget.cpp">
      <Filter>Source Files\UI</Filter>
    </ClCompile>
    <ClCompile Include="ScriptObjectAdvCamSystem.cpp">
      <Filter>Source Files\ScriptObjects</Filter>
    </ClCompile>
    <ClCompile Include="ScriptObjectAI.cpp">
      <Filter>Source Files\ScriptObjects</Filter>
    </ClCompile>
    <ClCompile Include="ScriptObjectBoids.cpp">
      <Filter>Source Files\ScriptObjects</Filter>
    </ClCompile>
    <ClCompile Include="ScriptObjectClient.cpp">
      <Filter>Source Files\ScriptObjects</Filter>
    </ClCompile>
    <ClCompile Include="ScriptObjectGame.cpp">
      <Filter>Source Files\ScriptObjects</Filter>
    </ClCompile>
    <ClCompile Include="ScriptObjectInput.cpp">
      <Filter>Source Files\ScriptObjects</Filter>
    </ClCompile>
    <ClCompile Include="ScriptObjectLanguage.cpp">
      <Filter>Source Files\ScriptObjects</Filter>
    </ClCompile>
    <ClCompile Include="ScriptObjectPlayer.cpp">
      <Filter>Source Files\ScriptObjects</Filter>
    </ClCompile>
    <ClCompile Include="ScriptObjectRenderer.cpp">
      <Filter>Source Files\ScriptObjects</Filter>
    </ClCompile>
    <ClCompile Include="ScriptObjectServer.cpp">
      <Filter>Source Files\ScriptObjects</Filter>
    </ClCompile>
    <ClCompile Include="ScriptObjectServerSlot.cpp">
      <Filter>Source Files\ScriptObjects</Filter>
    </ClCompile>
    <ClCompile Include="ScriptObjectSpectator.cpp">
      <Filter>Source Files\ScriptObjects</Filter>
    </ClCompile>
    <ClCompile Include="ScriptObjectStream.cpp">
      <Filter>Source Files\ScriptObjects</Filter>
    </ClCompile>
    <ClCompile Include="ScriptObjectSynched2DTable.cpp">
      <Filter>Source Files\ScriptObjects</Filter>
    </ClCompile>
    <ClCompile Include="ScriptObjectVehicle.cpp">
      <Filter>Source Files\ScriptObjects</Filter>
    </ClCompile>
    <ClCompile Include="ScriptObjectWeaponClass.cpp">
      <Filter>Source Files\ScriptObjects</Filter>
    </ClCompile>
    <ClCompile Include="XServer.cpp">
      <Filter>Source Files\GameServer</Filter>
    </ClCompile>
    <ClCompile Include="XServerRules.cpp">
      <Filter>Source Files\GameServer</Filter>
    </ClCompile>
    <ClCompile Include="XServerSlot.cpp">
      <Filter>Source Files\GameServer</Filter>
    </ClCompile>
    <ClCompile Include="XSnapshot.cpp">
      <Filter>Source Files\GameServer</Filter>
    </ClCompile>
    <ClCompile Include="XSystemBase.cpp">
      <Filter>Source Files\GameSystem</Filter>
    </ClCompile>
    <ClCompile Include="XSystemClient.cpp">
      <Filter>Source Files\GameSystem</Filter>
    </ClCompile>
    <ClCompile Include="XSystemDummy.cpp">
      <Filter>Source Files\GameSystem</Filter>
    </ClCompile>
    <ClCompile Include="XSystemEntities.cpp">
      <Filter>Source Files\GameSystem</Filter>
    </ClCompile>
    <ClCompile Include="XSystemServer.cpp">
      <Filter>Source Files\GameSystem</Filter>
    </ClCompile>
    <ClCompile Include="WeaponClass.cpp">
      <Filter>Source Files\Weapons</Filter>
    </ClCompile>
    <ClCompile Include="WeaponSystemEx.cpp">
      <Filter>Source Files\Weapons</Filter>
    </ClCompile>
    <ClCompile Include="XClient.cpp">
      <Filter>Source Files\GameClient</Filter>
    </ClCompile>
    <ClCompile Include="XClientSnapshot.cpp">
      <Filter>Source Files\GameClient</Filter>
    </ClCompile>
    <ClCompile Include="BugsFlock.cpp">
      <Filter>Source Files\Flock</Filter>
    </ClCompile>
    <ClCompile Include="Flock.cpp">
      <Filter>Source Files\Flock</Filter>
    </ClCompile>
    <ClCompile Include="XplayerVehicle.cpp">
      <Filter>Source Files\Vehicle</Filter>
    </ClCompile>
    <ClCompile Include="XVehicle.cpp">
      <Filter>Source Files\Vehicle</Filter>
    </ClCompile>
    <ClCompile Include="XVehicleProxy.cpp">
      <Filter>Source Files\Vehicle</Filter>
    </ClCompile>
    <ClCompile Include="XVehicleProxyHeli.cpp">
      <Filter>Source Files\Vehicle</Filter>
    </ClCompile>
    <ClCompile Include="XVehicleSystem.cpp">
      <Filter>Source Files\Vehicle</Filter>
    </ClCompile>
    <ClCompile Include="TimeDemoRecorder.cpp">
      <Filter>Source Files\TimeDemoRecorder</Filter>
    </ClCompile>
    <ClCompile Include="XDemoMgr.cpp">
      <Filter>Source Files\TimeDemoRecorder</Filter>
    </ClCompile>
    <ClCompile Include="AdvCamSystem.cpp">
      <Filter>Source Files\Player</Filter>
    </ClCompile>
    <ClCompile Include="Spectator.cpp">
      <Filter>Source Files\Player</Filter>
    </ClCompile>
    <ClCompile Include="SynchedRandomSeed.cpp">
      <Filter>Source Files\Player</Filter>
    </ClCompile>
    <ClCompile Include="XPlayer.cpp">
      <Filter>Source Files\Player</Filter>
    </ClCompile>
    <ClCompile Include="XPlayerCamera.cpp">
      <Filter>Source Files\Player</Filter>
    </ClCompile>
    <ClCompile Include="XPlayerLight.cpp">
      <Filter>Source Files\Player</Filter>
    </ClCompile>
    <ClCompile Include="AIHandler.cpp">
      <Filter>Source Files\AI</Filter>
    </ClCompile>
    <ClCompile Include="XObjectProxy.cpp">
      <Filter>Source Files\AI</Filter>
    </ClCompile>
    <ClCompile Include="XPuppetProxy.cpp">
      <Filter>Source Files\AI</Filter>
    </ClCompile>
    <ClCompile Include="BitStream_Base.cpp">
      <Filter>Source Files\Network</Filter>
    </ClCompile>
    <ClCompile Include="BitStream_Compressed.cpp">
      <Filter>Source Files\Network</Filter>
    </ClCompile>
    <ClCompile Include="NetEntityInfo.cpp">
      <Filter>Source Files\Network</Filter>
    </ClCompile>
    <ClCompile Include="XEntityProcessingCmd.cpp">
      <Filter>Source Files\Network</Filter>
    </ClCompile>
    <ClCompile Include="XNetwork.cpp">
      <Filter>Source Files\Network</Filter>
    </ClCompile>
    <ClCompile Include="XNetworkStats.cpp">
      <Filter>Source Files\Network</Filter>
    </ClCompile>
    <ClCompile Include="EntityClassRegistry.cpp">
      <Filter>Source Files\GameFiles</Filter>
    </ClCompile>
    <ClCompile Include="Game.cpp">
      <Filter>Source Files\GameFiles</Filter>
    </ClCompile>
    <ClCompile Include="GameActionInput.cpp">
      <Filter>Source Files\GameFiles</Filter>
    </ClCompile>
    <ClCompile Include="GameCallbacks.cpp">
      <Filter>Source Files\GameFiles</Filter>
    </ClCompile>
    <ClCompile Include="GameClientServer.cpp">
      <Filter>Source Files\GameFiles</Filter>
    </ClCompile>
    <ClCompile Include="GameDevMode.cpp">
      <Filter>Source Files\GameFiles</Filter>
    </ClCompile>
    <ClCompile Include="GameEquipPacks.cpp">
      <Filter>Source Files\GameFiles</Filter>
    </ClCompile>
    <ClCompile Include="GameEvents.cpp">
      <Filter>Source Files\GameFiles</Filter>
    </ClCompile>
    <ClCompile Include="GameMemStats.cpp">
      <Filter>Source Files\GameFiles</Filter>
    </ClCompile>
    <ClCompile Include="GameMisc.cpp">
      <Filter>Source Files\GameFiles</Filter>
    </ClCompile>
    <ClCompile Include="GameMods.cpp">
      <Filter>Source Files\GameFiles</Filter>
    </ClCompile>
    <ClCompile Include="GameMovieUser.cpp">
      <Filter>Source Files\GameFiles</Filter>
    </ClCompile>
    <ClCompile Include="GameRadar.cpp">
      <Filter>Source Files\GameFiles</Filter>
    </ClCompile>
    <ClCompile Include="GameTagPoints.cpp">
      <Filter>Source Files\GameFiles</Filter>
    </ClCompile>
    <ClCompile Include="ScriptTimerMgr.cpp">
      <Filter>Source Files\GameFiles</Filter>
    </ClCompile>
    <ClCompile Include="XArea.cpp">
      <Filter>Source Files\GameFiles</Filter>
    </ClCompile>
    <ClCompile Include="XSurfaceMgr.cpp">
      <Filter>Source Files\Materials</Filter>
    </ClCompile>
    <ClCompile Include="StringTableMgr.cpp">
      <Filter>Source Files\Localization</Filter>
    </ClCompile>
    <ClCompile Include="GameLoading.cpp">
      <Filter>Source Files\GameSerialization</Filter>
    </ClCompile>
    <ClCompile Include="Synched2DTable.cpp">
      <Filter>Source Files\Scoreboard</Filter>
    </ClCompile>
  </ItemGroup>
  <ItemGroup>
    <ClInclude Include="ScriptObjectUI.h">
      <Filter>Source Files\UI</Filter>
    </ClInclude>
    <ClInclude Include="UIButton.h">
      <Filter>Source Files\UI</Filter>
    </ClInclude>
    <ClInclude Include="UICheckBox.h">
      <Filter>Source Files\UI</Filter>
    </ClInclude>
    <ClInclude Include="UIComboBox.h">
      <Filter>Source Files\UI</Filter>
    </ClInclude>
    <ClInclude Include="UICVars.h">
      <Filter>Source Files\UI</Filter>
    </ClInclude>
    <ClInclude Include="UIDivX_Video.h">
      <Filter>Source Files\UI</Filter>
    </ClInclude>
    <ClInclude Include="UIEditBox.h">
      <Filter>Source Files\UI</Filter>
    </ClInclude>
    <ClInclude Include="UIListView.h">
      <Filter>Source Files\UI</Filter>
    </ClInclude>
    <ClInclude Include="UIMessages.h">
      <Filter>Source Files\UI</Filter>
    </ClInclude>
    <ClInclude Include="UIScreen.h">
      <Filter>Source Files\UI</Filter>
    </ClInclude>
    <ClInclude Include="UIScrollBar.h">
      <Filter>Source Files\UI</Filter>
    </ClInclude>
    <ClInclude Include="UIStatic.h">
      <Filter>Source Files\UI</Filter>
    </ClInclude>
    <ClInclude Include="UISystem.h">
      <Filter>Source Files\UI</Filter>
    </ClInclude>
    <ClInclude Include="UIVideoPanel.h">
      <Filter>Source Files\UI</Filter>
    </ClInclude>
    <ClInclude Include="UIWidget.h">
      <Filter>Source Files\UI</Filter>
    </ClInclude>
    <ClInclude Include="BugsFlock.h">
      <Filter>Source Files\Flock</Filter>
    </ClInclude>
    <ClInclude Include="Flock.h">
      <Filter>Source Files\Flock</Filter>
    </ClInclude>
    <ClInclude Include="TimeDemoRecorder.h">
      <Filter>Source Files\TimeDemoRecorder</Filter>
    </ClInclude>
    <ClInclude Include="Synched2DTable.h">
      <Filter>Source Files\Scoreboard</Filter>
    </ClInclude>
    <ClInclude Include="AdvCamSystem.h">
      <Filter>Header Files</Filter>
    </ClInclude>
    <ClInclude Include="AIHandler.h">
      <Filter>Header Files</Filter>
    </ClInclude>
    <ClInclude Include="BitStream_Base.h">
      <Filter>Header Files</Filter>
    </ClInclude>
    <ClInclude Include="BitStream_Compressed.h">
      <Filter>Header Files</Filter>
    </ClInclude>
    <ClInclude Include="CMovieUser.h">
      <Filter>Header Files</Filter>
    </ClInclude>
    <ClInclude Include="CryGame.h">
      <Filter>Header Files</Filter>
    </ClInclude>
    <ClInclude Include="EntityClassRegistry.h">
      <Filter>Header Files</Filter>
    </ClInclude>
    <ClInclude Include="Game.h">
      <Filter>Header Files</Filter>
    </ClInclude>
    <ClInclude Include="GameMods.h">
      <Filter>Header Files</Filter>
    </ClInclude>
    <ClInclude Include="GameObject.h">
      <Filter>Header Files</Filter>
    </ClInclude>
    <ClInclude Include="GameShared.h">
      <Filter>Header Files</Filter>
    </ClInclude>
    <ClInclude Include="IngameDialog.h">
      <Filter>Header Files</Filter>
    </ClInclude>
    <ClInclude Include="IXSystem.h">
      <Filter>Header Files</Filter>
    </ClInclude>
    <ClInclude Include="NetEntityInfo.h">
      <Filter>Header Files</Filter>
    </ClInclude>
    <ClInclude Include="PlayerSystem.h">
      <Filter>Header Files</Filter>
    </ClInclude>
    <ClInclude Include="ScriptTimerMgr.h">
      <Filter>Header Files</Filter>
    </ClInclude>
    <ClInclude Include="Spectator.h">
      <Filter>Header Files</Filter>
    </ClInclude>
    <ClInclude Include="StdAfx.h">
      <Filter>Header Files</Filter>
    </ClInclude>
    <ClInclude Include="StringTableMgr.h">
      <Filter>Header Files</Filter>
    </ClInclude>
    <ClInclude Include="SynchedRandomSeed.h">
      <Filter>Header Files</Filter>
    </ClInclude>
    <ClInclude Include="TagPoint.h">
      <Filter>Header Files</Filter>
    </ClInclude>
    <ClInclude Include="UIHud.h">
      <Filter>Header Files</Filter>
    </ClInclude>
    <ClInclude Include="XArea.h">
      <Filter>Header Files</Filter>
    </ClInclude>
    <ClInclude Include="XClient.h">
      <Filter>Header Files</Filter>
    </ClInclude>
    <ClInclude Include="XClientSnapshot.h">
      <Filter>Header Files</Filter>
    </ClInclude>
    <ClInclude Include="XDemoMgr.h">
      <Filter>Header Files</Filter>
    </ClInclude>
    <ClInclude Include="XEntityProcessingCmd.h">
      <Filter>Header Files</Filter>
    </ClInclude>
    <ClInclude Include="XNetwork.h">
      <Filter>Header Files</Filter>
    </ClInclude>
    <ClInclude Include="XNetworkStats.h">
      <Filter>Header Files</Filter>
    </ClInclude>
    <ClInclude Include="XObjectProxy.h">
      <Filter>Header Files</Filter>
    </ClInclude>
    <ClInclude Include="XPlayer.h">
      <Filter>Header Files</Filter>
    </ClInclude>
    <ClInclude Include="XPuppetProxy.h">
      <Filter>Header Files</Filter>
    </ClInclude>
    <ClInclude Include="XServer.h">
      <Filter>Header Files</Filter>
    </ClInclude>
    <ClInclude Include="XServerRules.h">
      <Filter>Header Files</Filter>
    </ClInclude>
    <ClInclude Include="XServerSlot.h">
      <Filter>Header Files</Filter>
    </ClInclude>
    <ClInclude Include="XSnapshot.h">
      <Filter>Header Files</Filter>
    </ClInclude>
    <ClInclude Include="XSurfaceMgr.h">
      <Filter>Header Files</Filter>
    </ClInclude>
    <ClInclude Include="XSystemBase.h">
      <Filter>Header Files</Filter>
    </ClInclude>
    <ClInclude Include="XSystemClient.h">
      <Filter>Header Files</Filter>
    </ClInclude>
    <ClInclude Include="XSystemDummy.h">
      <Filter>Header Files</Filter>
    </ClInclude>
    <ClInclude Include="XSystemEntities.h">
      <Filter>Header Files</Filter>
    </ClInclude>
    <ClInclude Include="XSystemServer.h">
      <Filter>Header Files</Filter>
    </ClInclude>
    <ClInclude Include="XVehicle.h">
      <Filter>Header Files</Filter>
    </ClInclude>
    <ClInclude Include="XVehicleProxy.h">
      <Filter>Header Files</Filter>
    </ClInclude>
    <ClInclude Include="XVehicleSystem.h">
      <Filter>Header Files</Filter>
    </ClInclude>
    <ClInclude Include="FireType.h">
      <Filter>Header Files\Weapons</Filter>
    </ClInclude>
    <ClInclude Include="WeaponClass.h">
      <Filter>Header Files\Weapons</Filter>
    </ClInclude>
    <ClInclude Include="WeaponSystemEx.h">
      <Filter>Header Files\Weapons</Filter>
    </ClInclude>
    <ClInclude Include="ScriptObjectAdvCamSystem.h">
      <Filter>Header Files\ScriptObjects</Filter>
    </ClInclude>
    <ClInclude Include="ScriptObjectAI.h">
      <Filter>Header Files\ScriptObjects</Filter>
    </ClInclude>
    <ClInclude Include="ScriptObjectBoids.h">
      <Filter>Header Files\ScriptObjects</Filter>
    </ClInclude>
    <ClInclude Include="ScriptObjectClient.h">
      <Filter>Header Files\ScriptObjects</Filter>
    </ClInclude>
    <ClInclude Include="ScriptObjectGame.h">
      <Filter>Header Files\ScriptObjects</Filter>
    </ClInclude>
    <ClInclude Include="ScriptObjectInput.h">
      <Filter>Header Files\ScriptObjects</Filter>
    </ClInclude>
    <ClInclude Include="ScriptObjectLanguage.h">
      <Filter>Header Files\ScriptObjects</Filter>
    </ClInclude>
    <ClInclude Include="ScriptObjectPlayer.h">
      <Filter>Header Files\ScriptObjects</Filter>
    </ClInclude>
    <ClInclude Include="ScriptObjectRenderer.h">
      <Filter>Header Files\ScriptObjects</Filter>
    </ClInclude>
    <ClInclude Include="ScriptObjectServer.h">
      <Filter>Header Files\ScriptObjects</Filter>
    </ClInclude>
    <ClInclude Include="ScriptObjectServerSlot.h">
      <Filter>Header Files\ScriptObjects</Filter>
    </ClInclude>
    <ClInclude Include="ScriptObjectSpectator.h">
      <Filter>Header Files\ScriptObjects</Filter>
    </ClInclude>
    <ClInclude Include="ScriptObjectStream.h">
      <Filter>Header Files\ScriptObjects</Filter>
    </ClInclude>
    <ClInclude Include="ScriptObjectSynched2DTable.h">
      <Filter>Header Files\ScriptObjects</Filter>
    </ClInclude>
    <ClInclude Include="ScriptObjectVehicle.h">
      <Filter>Header Files\ScriptObjects</Filter>
    </ClInclude>
    <ClInclude Include="ScriptObjectWeaponClass.h">
      <Filter>Header Files\ScriptObjects</Filter>
    </ClInclude>
  </ItemGroup>
  <ItemGroup>
    <Text Include="UITodo.txt">
      <Filter>Source Files\UI</Filter>
    </Text>
    <Text Include="ReadMe.txt">
      <Filter>Source Files\GameClient</Filter>
    </Text>
  </ItemGroup>
</Project>