<?xml version="1.0" encoding="utf-8"?>
<Project ToolsVersion="4.0" xmlns="http://schemas.microsoft.com/developer/msbuild/2003">
  <ItemGroup>
    <Filter Include="Source Files">
      <UniqueIdentifier>{040b84db-267c-4915-a350-0f38dd42dcb9}</UniqueIdentifier>
      <Extensions>cpp;c;cxx;def;odl;idl;hpj;bat;asm</Extensions>
    </Filter>
    <Filter Include="Header Files">
      <UniqueIdentifier>{0302629a-3f55-4a3b-b17b-4325230cf8a3}</UniqueIdentifier>
      <Extensions>h;hpp;hxx;hm;inl;inc</Extensions>
    </Filter>
    <Filter Include="Resource Files">
      <UniqueIdentifier>{36c9ddbf-7e8d-4c3b-a328-e226d1b27985}</UniqueIdentifier>
      <Extensions>rc;ico;cur;bmp;dlg;rc2;rct;bin;rgs;gif;jpg;jpeg;jpe</Extensions>
    </Filter>
    <Filter Include="Interfaces">
      <UniqueIdentifier>{3e0687b0-22fb-45b1-ad24-7b3ecb87e92b}</UniqueIdentifier>
    </Filter>
    <Filter Include="NvTriStrip">
      <UniqueIdentifier>{4ae3af0c-e816-45c7-b0ac-e43e1cf8f06e}</UniqueIdentifier>
    </Filter>
    <Filter Include="Utils">
      <UniqueIdentifier>{81c7511e-8343-4776-b1dc-db7b69c3dd25}</UniqueIdentifier>
    </Filter>
    <Filter Include="Math">
      <UniqueIdentifier>{03f5d9ad-c1f3-4a78-9a73-30399ba5ece9}</UniqueIdentifier>
    </Filter>
  </ItemGroup>
  <ItemGroup>
    <ClCompile Include="CfgFile.cpp">
      <Filter>Source Files</Filter>
    </ClCompile>
    <ClCompile Include="ChunkFileReader.cpp">
      <Filter>Source Files</Filter>
    </ClCompile>
    <ClCompile Include="CmdLine.cpp">
      <Filter>Source Files</Filter>
    </ClCompile>
    <ClCompile Include="Config.cpp">
      <Filter>Source Files</Filter>
    </ClCompile>
    <ClCompile Include="ExtensionManager.cpp">
      <Filter>Source Files</Filter>
    </ClCompile>
    <ClCompile Include="FileMapping.cpp">
      <Filter>Source Files</Filter>
    </ClCompile>
    <ClCompile Include="FileUtil.cpp">
      <Filter>Source Files</Filter>
    </ClCompile>
    <ClCompile Include="ResourceCompiler.cpp">
      <Filter>Source Files</Filter>
    </ClCompile>
    <ClCompile Include="stdafx.cpp">
      <Filter>Source Files</Filter>
    </ClCompile>
    <ClCompile Include="NvTriStrip\NvTriStrip.cpp">
      <Filter>NvTriStrip</Filter>
    </ClCompile>
    <ClCompile Include="NvTriStrip\NvTriStripObjects.cpp">
      <Filter>NvTriStrip</Filter>
    </ClCompile>
    <ClCompile Include="NvTriStrip\RenderPCH.cpp">
      <Filter>NvTriStrip</Filter>
    </ClCompile>
    <ClCompile Include="CgfUtils.cpp">
      <Filter>Utils</Filter>
    </ClCompile>
    <ClCompile Include="CryBoneDesc.cpp">
      <Filter>Utils</Filter>
    </ClCompile>
    <ClCompile Include="CryBoneHierarchyLoader.cpp">
      <Filter>Utils</Filter>
    </ClCompile>
    <ClCompile Include="CryChunkedFile.cpp">
      <Filter>Utils</Filter>
    </ClCompile>
    <ClCompile Include="CryVertexBinding.cpp">
      <Filter>Utils</Filter>
    </ClCompile>
  </ItemGroup>
  <ItemGroup>
    <ClInclude Include="CfgFile.h">
      <Filter>Source Files</Filter>
    </ClInclude>
    <ClInclude Include="ChunkFileReader.h">
      <Filter>Source Files</Filter>
    </ClInclude>
    <ClInclude Include="CmdLine.h">
      <Filter>Source Files</Filter>
    </ClInclude>
    <ClInclude Include="Config.h">
      <Filter>Source Files</Filter>
    </ClInclude>
    <ClInclude Include="ConvertContext.h">
      <Filter>Source Files</Filter>
    </ClInclude>
    <ClInclude Include="ExtensionManager.h">
      <Filter>Source Files</Filter>
    </ClInclude>
    <ClInclude Include="FileMapping.h">
      <Filter>Source Files</Filter>
    </ClInclude>
    <ClInclude Include="FileUtil.h">
      <Filter>Source Files</Filter>
    </ClInclude>
    <ClInclude Include="PathUtil.h">
      <Filter>Source Files</Filter>
    </ClInclude>
    <ClInclude Include="ResComDefs.h">
      <Filter>Source Files</Filter>
    </ClInclude>
    <ClInclude Include="ResourceCompiler.h">
      <Filter>Source Files</Filter>
    </ClInclude>
    <ClInclude Include="DebugLog.h">
      <Filter>Header Files</Filter>
    </ClInclude>
    <ClInclude Include="PortableString.h">
      <Filter>Header Files</Filter>
    </ClInclude>
    <ClInclude Include="stdafx.h">
      <Filter>Header Files</Filter>
    </ClInclude>
    <ClInclude Include="ICfgFile.h">
      <Filter>Interfaces</Filter>
    </ClInclude>
    <ClInclude Include="IConfig.h">
      <Filter>Interfaces</Filter>
    </ClInclude>
    <ClInclude Include="IConvertor.h">
      <Filter>Interfaces</Filter>
    </ClInclude>
    <ClInclude Include="IRCLog.h">
      <Filter>Interfaces</Filter>
    </ClInclude>
    <ClInclude Include="IResCompiler.h">
      <Filter>Interfaces</Filter>
    </ClInclude>
    <ClInclude Include="NvTriStrip\NvTriStrip.h">
      <Filter>NvTriStrip</Filter>
    </ClInclude>
    <ClInclude Include="NvTriStrip\NvTriStripObjects.h">
      <Filter>NvTriStrip</Filter>
    </ClInclude>
    <ClInclude Include="NvTriStrip\RenderPCH.h">
      <Filter>NvTriStrip</Filter>
    </ClInclude>
    <ClInclude Include="NvTriStrip\VertexCache.h">
      <Filter>NvTriStrip</Filter>
    </ClInclude>
    <ClInclude Include="CgfUtils.h">
      <Filter>Utils</Filter>
    </ClInclude>
    <ClInclude Include="CryBoneDesc.h">
      <Filter>Utils</Filter>
    </ClInclude>
    <ClInclude Include="CryBoneHierarchyLoader.h">
      <Filter>Utils</Filter>
    </ClInclude>
    <ClInclude Include="CryChunkedFile.h">
      <Filter>Utils</Filter>
    </ClInclude>
    <ClInclude Include="CryVertexBinding.h">
      <Filter>Utils</Filter>
    </ClInclude>
  </ItemGroup>
</Project>